{
  "name": "insomnia-plugin-rose-pine",
  "version": "1.0.0",
  "lockfileVersion": 2,
  "requires": true,
  "packages": {
    "": {
      "name": "insomnia-plugin-rose-pine",
      "version": "1.0.0",
      "devDependencies": [],
      "license": "MIT",
      "dependencies": {
        "@rose-pine/palette": "^3.0.1"
      }
    },
    "node_modules/@rose-pine/palette": {
      "version": "3.0.1",
      "resolved": "https://registry.npmjs.org/@rose-pine/palette/-/palette-3.0.1.tgz",
      "integrity": "sha512-HKPCy4Y+pa2nRV9RLOMjm5T7lwiKPoJdguq85jDIfkvrymshaRYJYurQybE/tF6KHzK4JrN8E0Epo2OLZj1wqg==",
      "engines": {
        "node": ">=12"
      },
      "funding": {
        "url": "https://github.com/rose-pine/palette?sponsor=1"
      }
    }
  },
  "dependencies": {
    "@rose-pine/palette": {
      "version": "3.0.1",
      "resolved": "https://registry.npmjs.org/@rose-pine/palette/-/palette-3.0.1.tgz",
      "integrity": "sha512-HKPCy4Y+pa2nRV9RLOMjm5T7lwiKPoJdguq85jDIfkvrymshaRYJYurQybE/tF6KHzK4JrN8E0Epo2OLZj1wqg=="
    }
  }
}
